{
  "nodes": {
    "anemone-theme": {
      "flake": false,
      "locked": {
        "lastModified": 1744257558,
        "narHash": "sha256-2IE5/wr0jcPGfk8jNogs/zsSpmD4XVUZx2x9dU1Sr8k=",
        "owner": "Speyll",
        "repo": "anemone",
        "rev": "dbbaa6c3be90f16b998f1be11363ee15e35da374",
        "type": "github"
      },
      "original": {
        "owner": "Speyll",
        "repo": "anemone",
        "type": "github"
      }
    },
    "flake-parts": {
      "inputs": {
        "nixpkgs-lib": [
          "nixpkgs"
        ]
      },
      "locked": {
        "lastModified": 1743550720,
        "narHash": "sha256-hIshGgKZCgWh6AYJpJmRgFdR3WUbkY04o82X05xqQiY=",
        "owner": "hercules-ci",
        "repo": "flake-parts",
        "rev": "c621e8422220273271f52058f618c94e405bb0f5",
        "type": "github"
      },
      "original": {
        "owner": "hercules-ci",
        "repo": "flake-parts",
        "type": "github"
      }
    },
    "nixpkgs": {
      "locked": {
        "lastModified": 1735563628,
        "narHash": "sha256-OnSAY7XDSx7CtDoqNh8jwVwh4xNL/2HaJxGjryLWzX8=",
        "owner": "nixos",
        "repo": "nixpkgs",
        "rev": "b134951a4c9f3c995fd7be05f3243f8ecd65d798",
        "type": "github"
      },
      "original": {
        "owner": "nixos",
        "ref": "nixos-24.05",
        "repo": "nixpkgs",
        "type": "github"
      }
    },
    "root": {
      "inputs": {
        "anemone-theme": "anemone-theme",
        "flake-parts": "flake-parts",
        "nixpkgs": "nixpkgs",
        "treefmt-nix": "treefmt-nix"
      }
    },
    "treefmt-nix": {
      "inputs": {
        "nixpkgs": [
          "nixpkgs"
        ]
      },
      "locked": {
        "lastModified": 1744707583,
        "narHash": "sha256-IPFcShGro/UUp8BmwMBkq+6KscPlWQevZi9qqIwVUWg=",
        "owner": "numtide",
        "repo": "treefmt-nix",
        "rev": "49d05555ccdd2592300099d6a657cc33571f4fe0",
        "type": "github"
      },
      "original": {
        "owner": "numtide",
        "repo": "treefmt-nix",
        "type": "github"
      }
    }
  },
  "root": "root",
  "version": 7
}
